
Microsoft Visual Studio Solution File, Format Version 12.00
Project("{FAE04EC0-301F-11D3-BF4B-00C04F79EFBC}") = "BaseProject", "BaseProject\BaseProject.csproj", "{903C640C-1D39-4B3F-ADEE-2B91F961B9DA}"
EndProject
Project("{FAE04EC0-301F-11D3-BF4B-00C04F79EFBC}") = "WebApp.Strategy", "WebApp.Strategy\WebApp.Strategy.csproj", "{8D0058ED-88E2-4228-9DA2-CECA629C0297}"
EndProject
Project("{FAE04EC0-301F-11D3-BF4B-00C04F79EFBC}") = "WebApp.Template", "WebApp.Template\WebApp.Template.csproj", "{A3A9A17D-9CEC-4C54-BE50-F6F1433FA065}"
EndProject
Project("{FAE04EC0-301F-11D3-BF4B-00C04F79EFBC}") = "WebApp.Command", "WebApp.Command\WebApp.Command.csproj", "{ADDC9DD7-5B65-4336-9643-FA4F63D380A2}"
EndProject
Project("{FAE04EC0-301F-11D3-BF4B-00C04F79EFBC}") = "WebApp.Observer", "WebApp.Observer\WebApp.Observer.csproj", "{21A8069B-A529-42DC-80D3-2BED69214BFA}"
EndProject
Project("{FAE04EC0-301F-11D3-BF4B-00C04F79EFBC}") = "WebApp.ChainOfResponsibility", "WebApp.ChainOfResponsibility\WebApp.ChainOfResponsibility.csproj", "{DF0C1808-2D25-46E0-A541-E45FFA51A409}"
EndProject
Project("{FAE04EC0-301F-11D3-BF4B-00C04F79EFBC}") = "WebApp.Composite", "WebApp.Composite\WebApp.Composite.csproj", "{065A903C-8428-4788-BFB7-7EFBA6CCA36C}"
EndProject
Global
	GlobalSection(SolutionConfigurationPlatforms) = preSolution
		Debug|Any CPU = Debug|Any CPU
		Release|Any CPU = Release|Any CPU
	EndGlobalSection
	GlobalSection(ProjectConfigurationPlatforms) = postSolution
		{903C640C-1D39-4B3F-ADEE-2B91F961B9DA}.Debug|Any CPU.ActiveCfg = Debug|Any CPU
		{903C640C-1D39-4B3F-ADEE-2B91F961B9DA}.Debug|Any CPU.Build.0 = Debug|Any CPU
		{903C640C-1D39-4B3F-ADEE-2B91F961B9DA}.Release|Any CPU.ActiveCfg = Release|Any CPU
		{903C640C-1D39-4B3F-ADEE-2B91F961B9DA}.Release|Any CPU.Build.0 = Release|Any CPU
		{8D0058ED-88E2-4228-9DA2-CECA629C0297}.Debug|Any CPU.ActiveCfg = Debug|Any CPU
		{8D0058ED-88E2-4228-9DA2-CECA629C0297}.Debug|Any CPU.Build.0 = Debug|Any CPU
		{8D0058ED-88E2-4228-9DA2-CECA629C0297}.Release|Any CPU.ActiveCfg = Release|Any CPU
		{8D0058ED-88E2-4228-9DA2-CECA629C0297}.Release|Any CPU.Build.0 = Release|Any CPU
		{A3A9A17D-9CEC-4C54-BE50-F6F1433FA065}.Debug|Any CPU.ActiveCfg = Debug|Any CPU
		{A3A9A17D-9CEC-4C54-BE50-F6F1433FA065}.Debug|Any CPU.Build.0 = Debug|Any CPU
		{A3A9A17D-9CEC-4C54-BE50-F6F1433FA065}.Release|Any CPU.ActiveCfg = Release|Any CPU
		{A3A9A17D-9CEC-4C54-BE50-F6F1433FA065}.Release|Any CPU.Build.0 = Release|Any CPU
		{ADDC9DD7-5B65-4336-9643-FA4F63D380A2}.Debug|Any CPU.ActiveCfg = Debug|Any CPU
		{ADDC9DD7-5B65-4336-9643-FA4F63D380A2}.Debug|Any CPU.Build.0 = Debug|Any CPU
		{ADDC9DD7-5B65-4336-9643-FA4F63D380A2}.Release|Any CPU.ActiveCfg = Release|Any CPU
		{ADDC9DD7-5B65-4336-9643-FA4F63D380A2}.Release|Any CPU.Build.0 = Release|Any CPU
		{21A8069B-A529-42DC-80D3-2BED69214BFA}.Debug|Any CPU.ActiveCfg = Debug|Any CPU
		{21A8069B-A529-42DC-80D3-2BED69214BFA}.Debug|Any CPU.Build.0 = Debug|Any CPU
		{21A8069B-A529-42DC-80D3-2BED69214BFA}.Release|Any CPU.ActiveCfg = Release|Any CPU
		{21A8069B-A529-42DC-80D3-2BED69214BFA}.Release|Any CPU.Build.0 = Release|Any CPU
		{DF0C1808-2D25-46E0-A541-E45FFA51A409}.Debug|Any CPU.ActiveCfg = Debug|Any CPU
		{DF0C1808-2D25-46E0-A541-E45FFA51A409}.Debug|Any CPU.Build.0 = Debug|Any CPU
		{DF0C1808-2D25-46E0-A541-E45FFA51A409}.Release|Any CPU.ActiveCfg = Release|Any CPU
		{DF0C1808-2D25-46E0-A541-E45FFA51A409}.Release|Any CPU.Build.0 = Release|Any CPU
		{065A903C-8428-4788-BFB7-7EFBA6CCA36C}.Debug|Any CPU.ActiveCfg = Debug|Any CPU
		{065A903C-8428-4788-BFB7-7EFBA6CCA36C}.Debug|Any CPU.Build.0 = Debug|Any CPU
		{065A903C-8428-4788-BFB7-7EFBA6CCA36C}.Release|Any CPU.ActiveCfg = Release|Any CPU
		{065A903C-8428-4788-BFB7-7EFBA6CCA36C}.Release|Any CPU.Build.0 = Release|Any CPU
	EndGlobalSection
EndGlobal
